
Microsoft Visual Studio Solution File, Format Version 12.00
# Visual Studio Version 16
VisualStudioVersion = 16.0.30406.217
MinimumVisualStudioVersion = 10.0.40219.1
Project("{9A19103F-16F7-4668-BE54-9A1E7A4F7556}") = "Rubin2000.Web", "Rubin2000.Web\Rubin2000.Web.csproj", "{4EB9438E-74B0-4953-9514-965A318FC59C}"
EndProject
Project("{9A19103F-16F7-4668-BE54-9A1E7A4F7556}") = "Rubin2000.Models", "Rubin2000.Models\Rubin2000.Models.csproj", "{23C132C7-54EF-4FF3-BEE9-E1CD209EE43B}"
EndProject
Project("{9A19103F-16F7-4668-BE54-9A1E7A4F7556}") = "Rubin2000.Data", "Rubin2000.Data\Rubin2000.Data.csproj", "{245536E8-29E6-46CE-B811-330F3536DC6F}"
EndProject
Project("{9A19103F-16F7-4668-BE54-9A1E7A4F7556}") = "Rubin2000.Services", "Rubin2000.Services\Rubin2000.Services.csproj", "{503FF840-81D2-4BED-8894-B7E69263C3AB}"
EndProject
Project("{9A19103F-16F7-4668-BE54-9A1E7A4F7556}") = "Rubin2000.Global", "Rubin2000.Global\Rubin2000.Global.csproj", "{C06EA4A9-E572-4639-9A63-DC79CFEA8F87}"
EndProject
Project("{FAE04EC0-301F-11D3-BF4B-00C04F79EFBC}") = "Rubin2000.WebTests", "Rubin2000.WebTests\Rubin2000.WebTests.csproj", "{DDA3ABD5-648F-4219-8381-40901A6EC818}"
EndProject
Global
	GlobalSection(SolutionConfigurationPlatforms) = preSolution
		Debug|Any CPU = Debug|Any CPU
		Release|Any CPU = Release|Any CPU
	EndGlobalSection
	GlobalSection(ProjectConfigurationPlatforms) = postSolution
		{4EB9438E-74B0-4953-9514-965A318FC59C}.Debug|Any CPU.ActiveCfg = Debug|Any CPU
		{4EB9438E-74B0-4953-9514-965A318FC59C}.Debug|Any CPU.Build.0 = Debug|Any CPU
		{4EB9438E-74B0-4953-9514-965A318FC59C}.Release|Any CPU.ActiveCfg = Release|Any CPU
		{4EB9438E-74B0-4953-9514-965A318FC59C}.Release|Any CPU.Build.0 = Release|Any CPU
		{23C132C7-54EF-4FF3-BEE9-E1CD209EE43B}.Debug|Any CPU.ActiveCfg = Debug|Any CPU
		{23C132C7-54EF-4FF3-BEE9-E1CD209EE43B}.Debug|Any CPU.Build.0 = Debug|Any CPU
		{23C132C7-54EF-4FF3-BEE9-E1CD209EE43B}.Release|Any CPU.ActiveCfg = Release|Any CPU
		{23C132C7-54EF-4FF3-BEE9-E1CD209EE43B}.Release|Any CPU.Build.0 = Release|Any CPU
		{245536E8-29E6-46CE-B811-330F3536DC6F}.Debug|Any CPU.ActiveCfg = Debug|Any CPU
		{245536E8-29E6-46CE-B811-330F3536DC6F}.Debug|Any CPU.Build.0 = Debug|Any CPU
		{245536E8-29E6-46CE-B811-330F3536DC6F}.Release|Any CPU.ActiveCfg = Release|Any CPU
		{245536E8-29E6-46CE-B811-330F3536DC6F}.Release|Any CPU.Build.0 = Release|Any CPU
		{503FF840-81D2-4BED-8894-B7E69263C3AB}.Debug|Any CPU.ActiveCfg = Debug|Any CPU
		{503FF840-81D2-4BED-8894-B7E69263C3AB}.Debug|Any CPU.Build.0 = Debug|Any CPU
		{503FF840-81D2-4BED-8894-B7E69263C3AB}.Release|Any CPU.ActiveCfg = Release|Any CPU
		{503FF840-81D2-4BED-8894-B7E69263C3AB}.Release|Any CPU.Build.0 = Release|Any CPU
		{C06EA4A9-E572-4639-9A63-DC79CFEA8F87}.Debug|Any CPU.ActiveCfg = Debug|Any CPU
		{C06EA4A9-E572-4639-9A63-DC79CFEA8F87}.Debug|Any CPU.Build.0 = Debug|Any CPU
		{C06EA4A9-E572-4639-9A63-DC79CFEA8F87}.Release|Any CPU.ActiveCfg = Release|Any CPU
		{C06EA4A9-E572-4639-9A63-DC79CFEA8F87}.Release|Any CPU.Build.0 = Release|Any CPU
		{DDA3ABD5-648F-4219-8381-40901A6EC818}.Debug|Any CPU.ActiveCfg = Debug|Any CPU
		{DDA3ABD5-648F-4219-8381-40901A6EC818}.Debug|Any CPU.Build.0 = Debug|Any CPU
		{DDA3ABD5-648F-4219-8381-40901A6EC818}.Release|Any CPU.ActiveCfg = Release|Any CPU
		{DDA3ABD5-648F-4219-8381-40901A6EC818}.Release|Any CPU.Build.0 = Release|Any CPU
	EndGlobalSection
	GlobalSection(SolutionProperties) = preSolution
		HideSolutionNode = FALSE
	EndGlobalSection
	GlobalSection(ExtensibilityGlobals) = postSolution
		SolutionGuid = {845980FB-B437-4699-B8E3-5CCBF629BCFD}
	EndGlobalSection
EndGlobal
